{
  "name": "scratch",
  "version": "1.0.0",
  "lockfileVersion": 3,
  "requires": true,
  "packages": {
    "": {
      "name": "scratch",
      "version": "1.0.0",
      "license": "ISC",
      "dependencies": {
        "@gradio/client": "^2.2.1"
      }
    },
    "node_modules/@gradio/client": {
      "version": "2.2.1",
      "resolved": "https://registry.npmjs.org/@gradio/client/-/client-2.2.1.tgz",
      "integrity": "sha512-Tbp2zPBCjlhFTA9PLyYpqyk7zJodOf03uk/Cn3sywVz+85OerqG6Qpr6jr0Ee+zRU7D1OoqLy3S2YVEl+QtvQw==",
      "license": "ISC",
      "dependencies": {
        "fetch-event-stream": "^0.1.5"
      },
      "engines": {
        "node": ">=18.0.0"
      }
    },
    "node_modules/fetch-event-stream": {
      "version": "0.1.6",
      "resolved": "https://registry.npmjs.org/fetch-event-stream/-/fetch-event-stream-0.1.6.tgz",
      "integrity": "sha512-GREtJ5HNikdU2AXtZ6E/5bk+aslMU6ie5mPG6H9nvsdDkkHQ6m5lHwmmmDTOBexok9hApQ7EprsXCdmz9ZC68w==",
      "license": "MIT"
    }
  }
}
